
Microsoft Visual Studio Solution File, Format Version 12.00
# Visual Studio 2012
Project("{FAE04EC0-301F-11D3-BF4B-00C04F79EFBC}") = "Mvc4WebApplication", "Mvc4WebApplication\Mvc4WebApplication.csproj", "{223546BB-3206-4C65-82A6-9A9F90BB4763}"
EndProject
Global
	GlobalSection(SolutionConfigurationPlatforms) = preSolution
		Debug|Any CPU = Debug|Any CPU
		Release|Any CPU = Release|Any CPU
	EndGlobalSection
	GlobalSection(ProjectConfigurationPlatforms) = postSolution
		{223546BB-3206-4C65-82A6-9A9F90BB4763}.Debug|Any CPU.ActiveCfg = Debug|Any CPU
		{223546BB-3206-4C65-82A6-9A9F90BB4763}.Debug|Any CPU.Build.0 = Debug|Any CPU
		{223546BB-3206-4C65-82A6-9A9F90BB4763}.Release|Any CPU.ActiveCfg = Release|Any CPU
		{223546BB-3206-4C65-82A6-9A9F90BB4763}.Release|Any CPU.Build.0 = Release|Any CPU
	EndGlobalSection
	GlobalSection(SolutionProperties) = preSolution
		HideSolutionNode = FALSE
	EndGlobalSection
EndGlobal
